
Microsoft Visual Studio Solution File, Format Version 12.00
# Visual Studio Version 16
VisualStudioVersion = 16.0.32802.440
MinimumVisualStudioVersion = 10.0.40219.1
Project("{9A19103F-16F7-4668-BE54-9A1E7A4F7556}") = "BTTLBuoi03", "BTTLBuoi03\BTTLBuoi03.csproj", "{A13BA8C9-E9A1-4756-9870-3ADA35D5F1C4}"
EndProject
Project("{FAE04EC0-301F-11D3-BF4B-00C04F79EFBC}") = "test", "test\test.csproj", "{53A5CA8B-26B7-40CF-9920-83B681CFBC71}"
EndProject
Project("{FAE04EC0-301F-11D3-BF4B-00C04F79EFBC}") = "test02", "test02\test02.csproj", "{1646F372-2CDE-4AA9-99A5-D5E783433E1D}"
EndProject
Project("{FAE04EC0-301F-11D3-BF4B-00C04F79EFBC}") = "Test03", "Test03\Test03.csproj", "{7ED29425-78BE-4CBE-B0B3-B3489E47B85E}"
EndProject
Global
	GlobalSection(SolutionConfigurationPlatforms) = preSolution
		Debug|Any CPU = Debug|Any CPU
		Release|Any CPU = Release|Any CPU
	EndGlobalSection
	GlobalSection(ProjectConfigurationPlatforms) = postSolution
		{A13BA8C9-E9A1-4756-9870-3ADA35D5F1C4}.Debug|Any CPU.ActiveCfg = Debug|Any CPU
		{A13BA8C9-E9A1-4756-9870-3ADA35D5F1C4}.Debug|Any CPU.Build.0 = Debug|Any CPU
		{A13BA8C9-E9A1-4756-9870-3ADA35D5F1C4}.Release|Any CPU.ActiveCfg = Release|Any CPU
		{A13BA8C9-E9A1-4756-9870-3ADA35D5F1C4}.Release|Any CPU.Build.0 = Release|Any CPU
		{53A5CA8B-26B7-40CF-9920-83B681CFBC71}.Debug|Any CPU.ActiveCfg = Debug|Any CPU
		{53A5CA8B-26B7-40CF-9920-83B681CFBC71}.Debug|Any CPU.Build.0 = Debug|Any CPU
		{53A5CA8B-26B7-40CF-9920-83B681CFBC71}.Release|Any CPU.ActiveCfg = Release|Any CPU
		{53A5CA8B-26B7-40CF-9920-83B681CFBC71}.Release|Any CPU.Build.0 = Release|Any CPU
		{1646F372-2CDE-4AA9-99A5-D5E783433E1D}.Debug|Any CPU.ActiveCfg = Debug|Any CPU
		{1646F372-2CDE-4AA9-99A5-D5E783433E1D}.Debug|Any CPU.Build.0 = Debug|Any CPU
		{1646F372-2CDE-4AA9-99A5-D5E783433E1D}.Release|Any CPU.ActiveCfg = Release|Any CPU
		{1646F372-2CDE-4AA9-99A5-D5E783433E1D}.Release|Any CPU.Build.0 = Release|Any CPU
		{7ED29425-78BE-4CBE-B0B3-B3489E47B85E}.Debug|Any CPU.ActiveCfg = Debug|Any CPU
		{7ED29425-78BE-4CBE-B0B3-B3489E47B85E}.Debug|Any CPU.Build.0 = Debug|Any CPU
		{7ED29425-78BE-4CBE-B0B3-B3489E47B85E}.Release|Any CPU.ActiveCfg = Release|Any CPU
		{7ED29425-78BE-4CBE-B0B3-B3489E47B85E}.Release|Any CPU.Build.0 = Release|Any CPU
	EndGlobalSection
	GlobalSection(SolutionProperties) = preSolution
		HideSolutionNode = FALSE
	EndGlobalSection
	GlobalSection(ExtensibilityGlobals) = postSolution
		SolutionGuid = {2E7043F9-E793-4C6E-BFAB-A735285127EC}
	EndGlobalSection
EndGlobal
