
Microsoft Visual Studio Solution File, Format Version 12.00
# Visual Studio Version 16
VisualStudioVersion = 16.0.32802.440
MinimumVisualStudioVersion = 10.0.40219.1
Project("{FAE04EC0-301F-11D3-BF4B-00C04F79EFBC}") = "Bai06", "Bai06\Bai06.csproj", "{0C30F375-9795-41C0-BF13-DA20845E0611}"
EndProject
Project("{FAE04EC0-301F-11D3-BF4B-00C04F79EFBC}") = "Bai05", "Bai05\Bai05.csproj", "{C83B7D2A-3AC6-40A5-9952-879A6E6C54DC}"
EndProject
Project("{FAE04EC0-301F-11D3-BF4B-00C04F79EFBC}") = "Bai03", "Bai03\Bai03.csproj", "{3A25338F-994B-4279-ABEB-0A920B31A60C}"
EndProject
Project("{FAE04EC0-301F-11D3-BF4B-00C04F79EFBC}") = "Bai01", "Bai01\Bai01.csproj", "{FBD4FDEF-5283-4E5C-8D09-548103718A9F}"
EndProject
Project("{FAE04EC0-301F-11D3-BF4B-00C04F79EFBC}") = "Bai02", "Bai02\Bai02.csproj", "{6C19CDFC-E5A4-4099-B4FD-903CE1EC3ECE}"
EndProject
Project("{FAE04EC0-301F-11D3-BF4B-00C04F79EFBC}") = "Bai04", "Bai04\Bai04.csproj", "{44A51EB4-EAB1-4160-9434-E85C2617E411}"
EndProject
Global
	GlobalSection(SolutionConfigurationPlatforms) = preSolution
		Debug|Any CPU = Debug|Any CPU
		Release|Any CPU = Release|Any CPU
	EndGlobalSection
	GlobalSection(ProjectConfigurationPlatforms) = postSolution
		{0C30F375-9795-41C0-BF13-DA20845E0611}.Debug|Any CPU.ActiveCfg = Debug|Any CPU
		{0C30F375-9795-41C0-BF13-DA20845E0611}.Debug|Any CPU.Build.0 = Debug|Any CPU
		{0C30F375-9795-41C0-BF13-DA20845E0611}.Release|Any CPU.ActiveCfg = Release|Any CPU
		{0C30F375-9795-41C0-BF13-DA20845E0611}.Release|Any CPU.Build.0 = Release|Any CPU
		{C83B7D2A-3AC6-40A5-9952-879A6E6C54DC}.Debug|Any CPU.ActiveCfg = Debug|Any CPU
		{C83B7D2A-3AC6-40A5-9952-879A6E6C54DC}.Debug|Any CPU.Build.0 = Debug|Any CPU
		{C83B7D2A-3AC6-40A5-9952-879A6E6C54DC}.Release|Any CPU.ActiveCfg = Release|Any CPU
		{C83B7D2A-3AC6-40A5-9952-879A6E6C54DC}.Release|Any CPU.Build.0 = Release|Any CPU
		{3A25338F-994B-4279-ABEB-0A920B31A60C}.Debug|Any CPU.ActiveCfg = Debug|Any CPU
		{3A25338F-994B-4279-ABEB-0A920B31A60C}.Debug|Any CPU.Build.0 = Debug|Any CPU
		{3A25338F-994B-4279-ABEB-0A920B31A60C}.Release|Any CPU.ActiveCfg = Release|Any CPU
		{3A25338F-994B-4279-ABEB-0A920B31A60C}.Release|Any CPU.Build.0 = Release|Any CPU
		{FBD4FDEF-5283-4E5C-8D09-548103718A9F}.Debug|Any CPU.ActiveCfg = Debug|Any CPU
		{FBD4FDEF-5283-4E5C-8D09-548103718A9F}.Debug|Any CPU.Build.0 = Debug|Any CPU
		{FBD4FDEF-5283-4E5C-8D09-548103718A9F}.Release|Any CPU.ActiveCfg = Release|Any CPU
		{FBD4FDEF-5283-4E5C-8D09-548103718A9F}.Release|Any CPU.Build.0 = Release|Any CPU
		{6C19CDFC-E5A4-4099-B4FD-903CE1EC3ECE}.Debug|Any CPU.ActiveCfg = Debug|Any CPU
		{6C19CDFC-E5A4-4099-B4FD-903CE1EC3ECE}.Debug|Any CPU.Build.0 = Debug|Any CPU
		{6C19CDFC-E5A4-4099-B4FD-903CE1EC3ECE}.Release|Any CPU.ActiveCfg = Release|Any CPU
		{6C19CDFC-E5A4-4099-B4FD-903CE1EC3ECE}.Release|Any CPU.Build.0 = Release|Any CPU
		{44A51EB4-EAB1-4160-9434-E85C2617E411}.Debug|Any CPU.ActiveCfg = Debug|Any CPU
		{44A51EB4-EAB1-4160-9434-E85C2617E411}.Debug|Any CPU.Build.0 = Debug|Any CPU
		{44A51EB4-EAB1-4160-9434-E85C2617E411}.Release|Any CPU.ActiveCfg = Release|Any CPU
		{44A51EB4-EAB1-4160-9434-E85C2617E411}.Release|Any CPU.Build.0 = Release|Any CPU
	EndGlobalSection
	GlobalSection(SolutionProperties) = preSolution
		HideSolutionNode = FALSE
	EndGlobalSection
	GlobalSection(ExtensibilityGlobals) = postSolution
		SolutionGuid = {746C4BE8-62A8-4BEB-B602-2FE2A2A367D2}
	EndGlobalSection
EndGlobal
