
Microsoft Visual Studio Solution File, Format Version 12.00
# Visual Studio Version 16
VisualStudioVersion = 16.0.32802.440
MinimumVisualStudioVersion = 10.0.40219.1
Project("{FAE04EC0-301F-11D3-BF4B-00C04F79EFBC}") = "BTTH03", "BTTH03\BTTH03.csproj", "{77D7ED2F-33CD-46F3-8492-C9E96B4D68C5}"
EndProject
Project("{FAE04EC0-301F-11D3-BF4B-00C04F79EFBC}") = "Bai07", "Bai07\Bai07.csproj", "{B0F44DE1-4C32-4B1C-9B53-D445F001739F}"
EndProject
Project("{FAE04EC0-301F-11D3-BF4B-00C04F79EFBC}") = "Bai06", "Bai06\Bai06.csproj", "{AD5B63AB-EA8B-46A1-9962-BC71D24573D1}"
EndProject
Global
	GlobalSection(SolutionConfigurationPlatforms) = preSolution
		Debug|Any CPU = Debug|Any CPU
		Release|Any CPU = Release|Any CPU
	EndGlobalSection
	GlobalSection(ProjectConfigurationPlatforms) = postSolution
		{77D7ED2F-33CD-46F3-8492-C9E96B4D68C5}.Debug|Any CPU.ActiveCfg = Debug|Any CPU
		{77D7ED2F-33CD-46F3-8492-C9E96B4D68C5}.Debug|Any CPU.Build.0 = Debug|Any CPU
		{77D7ED2F-33CD-46F3-8492-C9E96B4D68C5}.Release|Any CPU.ActiveCfg = Release|Any CPU
		{77D7ED2F-33CD-46F3-8492-C9E96B4D68C5}.Release|Any CPU.Build.0 = Release|Any CPU
		{B0F44DE1-4C32-4B1C-9B53-D445F001739F}.Debug|Any CPU.ActiveCfg = Debug|Any CPU
		{B0F44DE1-4C32-4B1C-9B53-D445F001739F}.Debug|Any CPU.Build.0 = Debug|Any CPU
		{B0F44DE1-4C32-4B1C-9B53-D445F001739F}.Release|Any CPU.ActiveCfg = Release|Any CPU
		{B0F44DE1-4C32-4B1C-9B53-D445F001739F}.Release|Any CPU.Build.0 = Release|Any CPU
		{AD5B63AB-EA8B-46A1-9962-BC71D24573D1}.Debug|Any CPU.ActiveCfg = Debug|Any CPU
		{AD5B63AB-EA8B-46A1-9962-BC71D24573D1}.Debug|Any CPU.Build.0 = Debug|Any CPU
		{AD5B63AB-EA8B-46A1-9962-BC71D24573D1}.Release|Any CPU.ActiveCfg = Release|Any CPU
		{AD5B63AB-EA8B-46A1-9962-BC71D24573D1}.Release|Any CPU.Build.0 = Release|Any CPU
	EndGlobalSection
	GlobalSection(SolutionProperties) = preSolution
		HideSolutionNode = FALSE
	EndGlobalSection
	GlobalSection(ExtensibilityGlobals) = postSolution
		SolutionGuid = {FC8224B2-E72D-445A-8B9C-2789BD9EDF28}
	EndGlobalSection
EndGlobal
