
Microsoft Visual Studio Solution File, Format Version 12.00
# Visual Studio Version 16
VisualStudioVersion = 16.0.32802.440
MinimumVisualStudioVersion = 10.0.40219.1
Project("{FAE04EC0-301F-11D3-BF4B-00C04F79EFBC}") = "Bai07", "Bai07\Bai07.csproj", "{B0F44DE1-4C32-4B1C-9B53-D445F001739F}"
EndProject
Project("{FAE04EC0-301F-11D3-BF4B-00C04F79EFBC}") = "Bai06", "Bai06\Bai06.csproj", "{AD5B63AB-EA8B-46A1-9962-BC71D24573D1}"
EndProject
Project("{FAE04EC0-301F-11D3-BF4B-00C04F79EFBC}") = "Bai05", "Bai05\Bai05.csproj", "{08A69041-6DEB-45A9-911A-78504C79FA47}"
EndProject
Project("{FAE04EC0-301F-11D3-BF4B-00C04F79EFBC}") = "Bai04", "Bai04\Bai04.csproj", "{D315B522-67C0-472A-865F-F2BF0F914560}"
EndProject
Project("{FAE04EC0-301F-11D3-BF4B-00C04F79EFBC}") = "Bai03", "Bai03\Bai03.csproj", "{566FB3D7-D2FB-46CA-9124-C8C49666580E}"
EndProject
Project("{FAE04EC0-301F-11D3-BF4B-00C04F79EFBC}") = "Bai02", "Bai02\Bai02.csproj", "{56BE3A6C-2EBE-465E-9759-9ED06131734A}"
EndProject
Project("{FAE04EC0-301F-11D3-BF4B-00C04F79EFBC}") = "Bai08", "Bai08\Bai08.csproj", "{86ECB763-60CD-4A9B-ADBF-8028472049DD}"
EndProject
Global
	GlobalSection(SolutionConfigurationPlatforms) = preSolution
		Debug|Any CPU = Debug|Any CPU
		Release|Any CPU = Release|Any CPU
	EndGlobalSection
	GlobalSection(ProjectConfigurationPlatforms) = postSolution
		{B0F44DE1-4C32-4B1C-9B53-D445F001739F}.Debug|Any CPU.ActiveCfg = Debug|Any CPU
		{B0F44DE1-4C32-4B1C-9B53-D445F001739F}.Debug|Any CPU.Build.0 = Debug|Any CPU
		{B0F44DE1-4C32-4B1C-9B53-D445F001739F}.Release|Any CPU.ActiveCfg = Release|Any CPU
		{B0F44DE1-4C32-4B1C-9B53-D445F001739F}.Release|Any CPU.Build.0 = Release|Any CPU
		{AD5B63AB-EA8B-46A1-9962-BC71D24573D1}.Debug|Any CPU.ActiveCfg = Debug|Any CPU
		{AD5B63AB-EA8B-46A1-9962-BC71D24573D1}.Debug|Any CPU.Build.0 = Debug|Any CPU
		{AD5B63AB-EA8B-46A1-9962-BC71D24573D1}.Release|Any CPU.ActiveCfg = Release|Any CPU
		{AD5B63AB-EA8B-46A1-9962-BC71D24573D1}.Release|Any CPU.Build.0 = Release|Any CPU
		{08A69041-6DEB-45A9-911A-78504C79FA47}.Debug|Any CPU.ActiveCfg = Debug|Any CPU
		{08A69041-6DEB-45A9-911A-78504C79FA47}.Debug|Any CPU.Build.0 = Debug|Any CPU
		{08A69041-6DEB-45A9-911A-78504C79FA47}.Release|Any CPU.ActiveCfg = Release|Any CPU
		{08A69041-6DEB-45A9-911A-78504C79FA47}.Release|Any CPU.Build.0 = Release|Any CPU
		{D315B522-67C0-472A-865F-F2BF0F914560}.Debug|Any CPU.ActiveCfg = Debug|Any CPU
		{D315B522-67C0-472A-865F-F2BF0F914560}.Debug|Any CPU.Build.0 = Debug|Any CPU
		{D315B522-67C0-472A-865F-F2BF0F914560}.Release|Any CPU.ActiveCfg = Release|Any CPU
		{D315B522-67C0-472A-865F-F2BF0F914560}.Release|Any CPU.Build.0 = Release|Any CPU
		{566FB3D7-D2FB-46CA-9124-C8C49666580E}.Debug|Any CPU.ActiveCfg = Debug|Any CPU
		{566FB3D7-D2FB-46CA-9124-C8C49666580E}.Debug|Any CPU.Build.0 = Debug|Any CPU
		{566FB3D7-D2FB-46CA-9124-C8C49666580E}.Release|Any CPU.ActiveCfg = Release|Any CPU
		{566FB3D7-D2FB-46CA-9124-C8C49666580E}.Release|Any CPU.Build.0 = Release|Any CPU
		{56BE3A6C-2EBE-465E-9759-9ED06131734A}.Debug|Any CPU.ActiveCfg = Debug|Any CPU
		{56BE3A6C-2EBE-465E-9759-9ED06131734A}.Debug|Any CPU.Build.0 = Debug|Any CPU
		{56BE3A6C-2EBE-465E-9759-9ED06131734A}.Release|Any CPU.ActiveCfg = Release|Any CPU
		{56BE3A6C-2EBE-465E-9759-9ED06131734A}.Release|Any CPU.Build.0 = Release|Any CPU
		{86ECB763-60CD-4A9B-ADBF-8028472049DD}.Debug|Any CPU.ActiveCfg = Debug|Any CPU
		{86ECB763-60CD-4A9B-ADBF-8028472049DD}.Debug|Any CPU.Build.0 = Debug|Any CPU
		{86ECB763-60CD-4A9B-ADBF-8028472049DD}.Release|Any CPU.ActiveCfg = Release|Any CPU
		{86ECB763-60CD-4A9B-ADBF-8028472049DD}.Release|Any CPU.Build.0 = Release|Any CPU
	EndGlobalSection
	GlobalSection(SolutionProperties) = preSolution
		HideSolutionNode = FALSE
	EndGlobalSection
	GlobalSection(ExtensibilityGlobals) = postSolution
		SolutionGuid = {FC8224B2-E72D-445A-8B9C-2789BD9EDF28}
	EndGlobalSection
EndGlobal
