
Microsoft Visual Studio Solution File, Format Version 12.00
# Visual Studio Version 16
VisualStudioVersion = 16.0.32802.440
MinimumVisualStudioVersion = 10.0.40219.1
Project("{FAE04EC0-301F-11D3-BF4B-00C04F79EFBC}") = "Bai01", "Bai01\Bai01.csproj", "{AAB63A84-3604-4211-8BBE-04D82E3C6D60}"
EndProject
Project("{FAE04EC0-301F-11D3-BF4B-00C04F79EFBC}") = "Bai02", "Bai02\Bai02.csproj", "{83420673-0523-449D-B385-FA9F88E9EF99}"
EndProject
Project("{FAE04EC0-301F-11D3-BF4B-00C04F79EFBC}") = "Bai03", "Bai03\Bai03.csproj", "{B01FCE6B-9844-4C65-B910-988D3A196140}"
EndProject
Project("{FAE04EC0-301F-11D3-BF4B-00C04F79EFBC}") = "Bai04", "Bai04\Bai04.csproj", "{3BF3167E-8080-45C2-B110-19A408DB8283}"
EndProject
Project("{FAE04EC0-301F-11D3-BF4B-00C04F79EFBC}") = "Bai05", "Bai05\Bai05.csproj", "{FB5A4053-83E0-4298-9ADC-390757ECD110}"
EndProject
Project("{FAE04EC0-301F-11D3-BF4B-00C04F79EFBC}") = "Bai06", "Bai06\Bai06.csproj", "{91DEAE38-3272-46BE-A8D9-7EC23B05B293}"
EndProject
Global
	GlobalSection(SolutionConfigurationPlatforms) = preSolution
		Debug|Any CPU = Debug|Any CPU
		Release|Any CPU = Release|Any CPU
	EndGlobalSection
	GlobalSection(ProjectConfigurationPlatforms) = postSolution
		{AAB63A84-3604-4211-8BBE-04D82E3C6D60}.Debug|Any CPU.ActiveCfg = Debug|Any CPU
		{AAB63A84-3604-4211-8BBE-04D82E3C6D60}.Debug|Any CPU.Build.0 = Debug|Any CPU
		{AAB63A84-3604-4211-8BBE-04D82E3C6D60}.Release|Any CPU.ActiveCfg = Release|Any CPU
		{AAB63A84-3604-4211-8BBE-04D82E3C6D60}.Release|Any CPU.Build.0 = Release|Any CPU
		{83420673-0523-449D-B385-FA9F88E9EF99}.Debug|Any CPU.ActiveCfg = Debug|Any CPU
		{83420673-0523-449D-B385-FA9F88E9EF99}.Debug|Any CPU.Build.0 = Debug|Any CPU
		{83420673-0523-449D-B385-FA9F88E9EF99}.Release|Any CPU.ActiveCfg = Release|Any CPU
		{83420673-0523-449D-B385-FA9F88E9EF99}.Release|Any CPU.Build.0 = Release|Any CPU
		{B01FCE6B-9844-4C65-B910-988D3A196140}.Debug|Any CPU.ActiveCfg = Debug|Any CPU
		{B01FCE6B-9844-4C65-B910-988D3A196140}.Debug|Any CPU.Build.0 = Debug|Any CPU
		{B01FCE6B-9844-4C65-B910-988D3A196140}.Release|Any CPU.ActiveCfg = Release|Any CPU
		{B01FCE6B-9844-4C65-B910-988D3A196140}.Release|Any CPU.Build.0 = Release|Any CPU
		{3BF3167E-8080-45C2-B110-19A408DB8283}.Debug|Any CPU.ActiveCfg = Debug|Any CPU
		{3BF3167E-8080-45C2-B110-19A408DB8283}.Debug|Any CPU.Build.0 = Debug|Any CPU
		{3BF3167E-8080-45C2-B110-19A408DB8283}.Release|Any CPU.ActiveCfg = Release|Any CPU
		{3BF3167E-8080-45C2-B110-19A408DB8283}.Release|Any CPU.Build.0 = Release|Any CPU
		{FB5A4053-83E0-4298-9ADC-390757ECD110}.Debug|Any CPU.ActiveCfg = Debug|Any CPU
		{FB5A4053-83E0-4298-9ADC-390757ECD110}.Debug|Any CPU.Build.0 = Debug|Any CPU
		{FB5A4053-83E0-4298-9ADC-390757ECD110}.Release|Any CPU.ActiveCfg = Release|Any CPU
		{FB5A4053-83E0-4298-9ADC-390757ECD110}.Release|Any CPU.Build.0 = Release|Any CPU
		{91DEAE38-3272-46BE-A8D9-7EC23B05B293}.Debug|Any CPU.ActiveCfg = Debug|Any CPU
		{91DEAE38-3272-46BE-A8D9-7EC23B05B293}.Debug|Any CPU.Build.0 = Debug|Any CPU
		{91DEAE38-3272-46BE-A8D9-7EC23B05B293}.Release|Any CPU.ActiveCfg = Release|Any CPU
		{91DEAE38-3272-46BE-A8D9-7EC23B05B293}.Release|Any CPU.Build.0 = Release|Any CPU
	EndGlobalSection
	GlobalSection(SolutionProperties) = preSolution
		HideSolutionNode = FALSE
	EndGlobalSection
	GlobalSection(ExtensibilityGlobals) = postSolution
		SolutionGuid = {96F2D77D-B964-4F99-B16C-DEAC0AB73890}
	EndGlobalSection
EndGlobal
