
Microsoft Visual Studio Solution File, Format Version 12.00
# Visual Studio Version 16
VisualStudioVersion = 16.0.32802.440
MinimumVisualStudioVersion = 10.0.40219.1
Project("{FAE04EC0-301F-11D3-BF4B-00C04F79EFBC}") = "Bai01", "Bai01\Bai01.csproj", "{6CC1DFF5-735C-41A8-9F3F-3A33EEDCB4F2}"
EndProject
Project("{FAE04EC0-301F-11D3-BF4B-00C04F79EFBC}") = "Bai11", "Bai11\Bai11.csproj", "{13AD8EA5-684A-4C4C-AD57-62190355B7ED}"
EndProject
Project("{FAE04EC0-301F-11D3-BF4B-00C04F79EFBC}") = "Bai02", "Bai02\Bai02.csproj", "{E7E43B09-5F64-48A2-AD2C-C9E8DD214779}"
EndProject
Project("{FAE04EC0-301F-11D3-BF4B-00C04F79EFBC}") = "Bai03", "Bai03\Bai03.csproj", "{72257BD3-FC48-45AD-8FC9-78FAC5B6EA6B}"
EndProject
Project("{FAE04EC0-301F-11D3-BF4B-00C04F79EFBC}") = "Bai04", "Bai04\Bai04.csproj", "{86FA5244-EEC0-4A81-B7D4-4DCCE7B524C1}"
EndProject
Project("{FAE04EC0-301F-11D3-BF4B-00C04F79EFBC}") = "Bai06", "Bai06\Bai06.csproj", "{38BD5DD8-6B45-426C-A712-CAD38D9FD963}"
EndProject
Project("{FAE04EC0-301F-11D3-BF4B-00C04F79EFBC}") = "Bai07", "Bai07\Bai07.csproj", "{B79D1986-AFED-4569-B9CD-16B5C28ADB80}"
EndProject
Project("{FAE04EC0-301F-11D3-BF4B-00C04F79EFBC}") = "Bai09", "Bai09\Bai09.csproj", "{8F4BF5E1-79F9-4433-98A0-D64FCB2BDAA3}"
EndProject
Project("{FAE04EC0-301F-11D3-BF4B-00C04F79EFBC}") = "Bai08", "Bai08\Bai08.csproj", "{E07D1A57-3B3C-4005-897C-3F822513488A}"
EndProject
Project("{FAE04EC0-301F-11D3-BF4B-00C04F79EFBC}") = "Bai10", "Bai10\Bai10.csproj", "{5580E8F9-4B52-47AE-B5E8-15682DC6A0DA}"
EndProject
Project("{FAE04EC0-301F-11D3-BF4B-00C04F79EFBC}") = "Bai05", "Bai05\Bai05.csproj", "{F480ED4E-8A81-4839-BD90-EF13B509684C}"
EndProject
Global
	GlobalSection(SolutionConfigurationPlatforms) = preSolution
		Debug|Any CPU = Debug|Any CPU
		Release|Any CPU = Release|Any CPU
	EndGlobalSection
	GlobalSection(ProjectConfigurationPlatforms) = postSolution
		{6CC1DFF5-735C-41A8-9F3F-3A33EEDCB4F2}.Debug|Any CPU.ActiveCfg = Debug|Any CPU
		{6CC1DFF5-735C-41A8-9F3F-3A33EEDCB4F2}.Debug|Any CPU.Build.0 = Debug|Any CPU
		{6CC1DFF5-735C-41A8-9F3F-3A33EEDCB4F2}.Release|Any CPU.ActiveCfg = Release|Any CPU
		{6CC1DFF5-735C-41A8-9F3F-3A33EEDCB4F2}.Release|Any CPU.Build.0 = Release|Any CPU
		{13AD8EA5-684A-4C4C-AD57-62190355B7ED}.Debug|Any CPU.ActiveCfg = Debug|Any CPU
		{13AD8EA5-684A-4C4C-AD57-62190355B7ED}.Debug|Any CPU.Build.0 = Debug|Any CPU
		{13AD8EA5-684A-4C4C-AD57-62190355B7ED}.Release|Any CPU.ActiveCfg = Release|Any CPU
		{13AD8EA5-684A-4C4C-AD57-62190355B7ED}.Release|Any CPU.Build.0 = Release|Any CPU
		{E7E43B09-5F64-48A2-AD2C-C9E8DD214779}.Debug|Any CPU.ActiveCfg = Debug|Any CPU
		{E7E43B09-5F64-48A2-AD2C-C9E8DD214779}.Debug|Any CPU.Build.0 = Debug|Any CPU
		{E7E43B09-5F64-48A2-AD2C-C9E8DD214779}.Release|Any CPU.ActiveCfg = Release|Any CPU
		{E7E43B09-5F64-48A2-AD2C-C9E8DD214779}.Release|Any CPU.Build.0 = Release|Any CPU
		{72257BD3-FC48-45AD-8FC9-78FAC5B6EA6B}.Debug|Any CPU.ActiveCfg = Debug|Any CPU
		{72257BD3-FC48-45AD-8FC9-78FAC5B6EA6B}.Debug|Any CPU.Build.0 = Debug|Any CPU
		{72257BD3-FC48-45AD-8FC9-78FAC5B6EA6B}.Release|Any CPU.ActiveCfg = Release|Any CPU
		{72257BD3-FC48-45AD-8FC9-78FAC5B6EA6B}.Release|Any CPU.Build.0 = Release|Any CPU
		{86FA5244-EEC0-4A81-B7D4-4DCCE7B524C1}.Debug|Any CPU.ActiveCfg = Debug|Any CPU
		{86FA5244-EEC0-4A81-B7D4-4DCCE7B524C1}.Debug|Any CPU.Build.0 = Debug|Any CPU
		{86FA5244-EEC0-4A81-B7D4-4DCCE7B524C1}.Release|Any CPU.ActiveCfg = Release|Any CPU
		{86FA5244-EEC0-4A81-B7D4-4DCCE7B524C1}.Release|Any CPU.Build.0 = Release|Any CPU
		{38BD5DD8-6B45-426C-A712-CAD38D9FD963}.Debug|Any CPU.ActiveCfg = Debug|Any CPU
		{38BD5DD8-6B45-426C-A712-CAD38D9FD963}.Debug|Any CPU.Build.0 = Debug|Any CPU
		{38BD5DD8-6B45-426C-A712-CAD38D9FD963}.Release|Any CPU.ActiveCfg = Release|Any CPU
		{38BD5DD8-6B45-426C-A712-CAD38D9FD963}.Release|Any CPU.Build.0 = Release|Any CPU
		{B79D1986-AFED-4569-B9CD-16B5C28ADB80}.Debug|Any CPU.ActiveCfg = Debug|Any CPU
		{B79D1986-AFED-4569-B9CD-16B5C28ADB80}.Debug|Any CPU.Build.0 = Debug|Any CPU
		{B79D1986-AFED-4569-B9CD-16B5C28ADB80}.Release|Any CPU.ActiveCfg = Release|Any CPU
		{B79D1986-AFED-4569-B9CD-16B5C28ADB80}.Release|Any CPU.Build.0 = Release|Any CPU
		{8F4BF5E1-79F9-4433-98A0-D64FCB2BDAA3}.Debug|Any CPU.ActiveCfg = Debug|Any CPU
		{8F4BF5E1-79F9-4433-98A0-D64FCB2BDAA3}.Debug|Any CPU.Build.0 = Debug|Any CPU
		{8F4BF5E1-79F9-4433-98A0-D64FCB2BDAA3}.Release|Any CPU.ActiveCfg = Release|Any CPU
		{8F4BF5E1-79F9-4433-98A0-D64FCB2BDAA3}.Release|Any CPU.Build.0 = Release|Any CPU
		{E07D1A57-3B3C-4005-897C-3F822513488A}.Debug|Any CPU.ActiveCfg = Debug|Any CPU
		{E07D1A57-3B3C-4005-897C-3F822513488A}.Debug|Any CPU.Build.0 = Debug|Any CPU
		{E07D1A57-3B3C-4005-897C-3F822513488A}.Release|Any CPU.ActiveCfg = Release|Any CPU
		{E07D1A57-3B3C-4005-897C-3F822513488A}.Release|Any CPU.Build.0 = Release|Any CPU
		{5580E8F9-4B52-47AE-B5E8-15682DC6A0DA}.Debug|Any CPU.ActiveCfg = Debug|Any CPU
		{5580E8F9-4B52-47AE-B5E8-15682DC6A0DA}.Debug|Any CPU.Build.0 = Debug|Any CPU
		{5580E8F9-4B52-47AE-B5E8-15682DC6A0DA}.Release|Any CPU.ActiveCfg = Release|Any CPU
		{5580E8F9-4B52-47AE-B5E8-15682DC6A0DA}.Release|Any CPU.Build.0 = Release|Any CPU
		{F480ED4E-8A81-4839-BD90-EF13B509684C}.Debug|Any CPU.ActiveCfg = Debug|Any CPU
		{F480ED4E-8A81-4839-BD90-EF13B509684C}.Debug|Any CPU.Build.0 = Debug|Any CPU
		{F480ED4E-8A81-4839-BD90-EF13B509684C}.Release|Any CPU.ActiveCfg = Release|Any CPU
		{F480ED4E-8A81-4839-BD90-EF13B509684C}.Release|Any CPU.Build.0 = Release|Any CPU
	EndGlobalSection
	GlobalSection(SolutionProperties) = preSolution
		HideSolutionNode = FALSE
	EndGlobalSection
	GlobalSection(ExtensibilityGlobals) = postSolution
		SolutionGuid = {8A74A9D2-A25C-45F7-879C-DEA92DBFBAFF}
	EndGlobalSection
EndGlobal
