
Microsoft Visual Studio Solution File, Format Version 12.00
# Visual Studio Version 16
VisualStudioVersion = 16.0.32802.440
MinimumVisualStudioVersion = 10.0.40219.1
Project("{FAE04EC0-301F-11D3-BF4B-00C04F79EFBC}") = "Tetris_game", "Tetris_game\Tetris_game.csproj", "{AFF35A5A-B38E-49FA-A5BA-1EBA27E5DDEE}"
EndProject
Global
	GlobalSection(SolutionConfigurationPlatforms) = preSolution
		Debug|Any CPU = Debug|Any CPU
		Release|Any CPU = Release|Any CPU
	EndGlobalSection
	GlobalSection(ProjectConfigurationPlatforms) = postSolution
		{AFF35A5A-B38E-49FA-A5BA-1EBA27E5DDEE}.Debug|Any CPU.ActiveCfg = Debug|Any CPU
		{AFF35A5A-B38E-49FA-A5BA-1EBA27E5DDEE}.Debug|Any CPU.Build.0 = Debug|Any CPU
		{AFF35A5A-B38E-49FA-A5BA-1EBA27E5DDEE}.Release|Any CPU.ActiveCfg = Release|Any CPU
		{AFF35A5A-B38E-49FA-A5BA-1EBA27E5DDEE}.Release|Any CPU.Build.0 = Release|Any CPU
	EndGlobalSection
	GlobalSection(SolutionProperties) = preSolution
		HideSolutionNode = FALSE
	EndGlobalSection
	GlobalSection(ExtensibilityGlobals) = postSolution
		SolutionGuid = {D836F29F-D284-4DFC-BBED-748E6BA3D0C5}
	EndGlobalSection
EndGlobal
