
Microsoft Visual Studio Solution File, Format Version 12.00
# Visual Studio Version 16
VisualStudioVersion = 16.0.32802.440
MinimumVisualStudioVersion = 10.0.40219.1
Project("{FAE04EC0-301F-11D3-BF4B-00C04F79EFBC}") = "Image_Processing", "Image_Processing\Image_Processing.csproj", "{094B4E01-C5AE-4156-93B6-061D5ADBA6EB}"
EndProject
Global
	GlobalSection(SolutionConfigurationPlatforms) = preSolution
		Debug|Any CPU = Debug|Any CPU
		Release|Any CPU = Release|Any CPU
	EndGlobalSection
	GlobalSection(ProjectConfigurationPlatforms) = postSolution
		{094B4E01-C5AE-4156-93B6-061D5ADBA6EB}.Debug|Any CPU.ActiveCfg = Debug|Any CPU
		{094B4E01-C5AE-4156-93B6-061D5ADBA6EB}.Debug|Any CPU.Build.0 = Debug|Any CPU
		{094B4E01-C5AE-4156-93B6-061D5ADBA6EB}.Release|Any CPU.ActiveCfg = Release|Any CPU
		{094B4E01-C5AE-4156-93B6-061D5ADBA6EB}.Release|Any CPU.Build.0 = Release|Any CPU
	EndGlobalSection
	GlobalSection(SolutionProperties) = preSolution
		HideSolutionNode = FALSE
	EndGlobalSection
	GlobalSection(ExtensibilityGlobals) = postSolution
		SolutionGuid = {64B05185-548C-45A6-BFD7-F20E6EAB31B5}
	EndGlobalSection
EndGlobal
